
Microsoft Visual Studio Solution File, Format Version 12.00
# Visual Studio Version 16
VisualStudioVersion = 16.0.30711.63
MinimumVisualStudioVersion = 10.0.40219.1
Project("{FAE04EC0-301F-11D3-BF4B-00C04F79EFBC}") = "GloboDiet", "GloboDiet\GloboDiet.csproj", "{7EAC5732-1834-4038-AA58-994A370FE5A8}"
EndProject
Global
	GlobalSection(SolutionConfigurationPlatforms) = preSolution
		Debug|Any CPU = Debug|Any CPU
		Release|Any CPU = Release|Any CPU
	EndGlobalSection
	GlobalSection(ProjectConfigurationPlatforms) = postSolution
		{7EAC5732-1834-4038-AA58-994A370FE5A8}.Debug|Any CPU.ActiveCfg = Debug|Any CPU
		{7EAC5732-1834-4038-AA58-994A370FE5A8}.Debug|Any CPU.Build.0 = Debug|Any CPU
		{7EAC5732-1834-4038-AA58-994A370FE5A8}.Release|Any CPU.ActiveCfg = Release|Any CPU
		{7EAC5732-1834-4038-AA58-994A370FE5A8}.Release|Any CPU.Build.0 = Release|Any CPU
	EndGlobalSection
	GlobalSection(SolutionProperties) = preSolution
		HideSolutionNode = FALSE
	EndGlobalSection
	GlobalSection(ExtensibilityGlobals) = postSolution
		SolutionGuid = {ECA41684-B185-419A-AEC8-BB025D7FF233}
	EndGlobalSection
EndGlobal
